
Microsoft Visual Studio Solution File, Format Version 12.00
# Visual Studio Version 16
VisualStudioVersion = 16.0.31624.102
MinimumVisualStudioVersion = 10.0.40219.1
Project("{9A19103F-16F7-4668-BE54-9A1E7A4F7556}") = "TrackerLibrary", "TrackerLibrary\TrackerLibrary.csproj", "{FCFDFB6C-A946-4AFA-9956-74E60A041BDE}"
EndProject
Project("{FAE04EC0-301F-11D3-BF4B-00C04F79EFBC}") = "TrackerUI", "TrackerUI\TrackerUI.csproj", "{00DDA92B-76A5-4F7D-9DE9-348C57B2A3E2}"
EndProject
Global
	GlobalSection(SolutionConfigurationPlatforms) = preSolution
		Debug|Any CPU = Debug|Any CPU
		Release|Any CPU = Release|Any CPU
	EndGlobalSection
	GlobalSection(ProjectConfigurationPlatforms) = postSolution
		{FCFDFB6C-A946-4AFA-9956-74E60A041BDE}.Debug|Any CPU.ActiveCfg = Debug|Any CPU
		{FCFDFB6C-A946-4AFA-9956-74E60A041BDE}.Debug|Any CPU.Build.0 = Debug|Any CPU
		{FCFDFB6C-A946-4AFA-9956-74E60A041BDE}.Release|Any CPU.ActiveCfg = Release|Any CPU
		{FCFDFB6C-A946-4AFA-9956-74E60A041BDE}.Release|Any CPU.Build.0 = Release|Any CPU
		{00DDA92B-76A5-4F7D-9DE9-348C57B2A3E2}.Debug|Any CPU.ActiveCfg = Debug|Any CPU
		{00DDA92B-76A5-4F7D-9DE9-348C57B2A3E2}.Debug|Any CPU.Build.0 = Debug|Any CPU
		{00DDA92B-76A5-4F7D-9DE9-348C57B2A3E2}.Release|Any CPU.ActiveCfg = Release|Any CPU
		{00DDA92B-76A5-4F7D-9DE9-348C57B2A3E2}.Release|Any CPU.Build.0 = Release|Any CPU
	EndGlobalSection
	GlobalSection(SolutionProperties) = preSolution
		HideSolutionNode = FALSE
	EndGlobalSection
	GlobalSection(ExtensibilityGlobals) = postSolution
		SolutionGuid = {95FFDD05-8E68-44A4-A354-2DFE7E5987C9}
	EndGlobalSection
EndGlobal
